PODS:
  - GMOpenSSL (2.2.9)
  - QCloudCore (6.4.3):
    - QCloudCore/Default (= 6.4.3)
  - QCloudCore/Default (6.4.3):
    - QCloudTrack/Beacon (= 6.4.3)
  - QCloudCOSXML (6.4.3):
    - QCloudCOSXML/Default (= 6.4.3)
  - QCloudCOSXML/Default (6.4.3):
    - QCloudCore (= 6.4.3)
  - QCloudQuic (6.3.9):
    - QCloudQuic/Default (= 6.3.9)
  - QCloudQuic/Default (6.3.9)
  - QCloudTrack (6.4.3):
    - QCloudTrack/Default (= 6.4.3)
  - QCloudTrack/Beacon (6.4.3)
  - QCloudTrack/Cls (6.4.3):
    - TencentCloudLogProducer
  - QCloudTrack/Default (6.4.3)
  - TencentCloudLogProducer (1.1.0):
    - TencentCloudLogProducer/Core (= 1.1.0)
  - TencentCloudLogProducer/Core (1.1.0):
    - GMOpenSSL (~> 2.2.6)

DEPENDENCIES:
  - QCloudCore (from `.`)
  - QCloudCOSXML (from `.`)
  - QCloudQuic (from `.`)
  - QCloudTrack (from `.`)
  - QCloudTrack/Beacon (from `.`)
  - QCloudTrack/Cls (from `.`)

SPEC REPOS:
  https://github.com/CocoaPods/Specs:
    - GMOpenSSL
    - TencentCloudLogProducer

EXTERNAL SOURCES:
  QCloudCore:
    :path: "."
  QCloudCOSXML:
    :path: "."
  QCloudQuic:
    :path: "."
  QCloudTrack:
    :path: "."

SPEC CHECKSUMS:
  GMOpenSSL: d6d119ff8f00d4e03c2cdf733fb61e98e22da9c7
  QCloudCore: 71b30f12a6d55e022b67872dab520178780e75dd
  QCloudCOSXML: 46b57292baaab179679f48288f85443deae806b3
  QCloudQuic: 81e2c29fa8122c1d5e8323a90349683e52c8e101
  QCloudTrack: 0afbb64be458d2f1d0d3815a60d35f336ca77be7
  TencentCloudLogProducer: 4ccf2eb45c432180351564b1447b98d9b23ca37a

PODFILE CHECKSUM: 469848875513aa1180afa1e3751e2d873841a154

COCOAPODS: 1.15.2
