// !$*UTF8*$!
{
	archiveVersion = 1;
	classes = {
	};
	objectVersion = 54;
	objects = {

/* Begin PBXBuildFile section */
		0846D4FC31472DFAA0929803 /* Pods_QCloudCOSXMLDemoTests.framework in Frameworks */ = {isa = PBXBuildFile; fileRef = 5AA61E20CD9596F16704FEEB /* Pods_QCloudCOSXMLDemoTests.framework */; };
		1A1C1DB31ED4324400EF74AB /* QCloudCOSTransferTests.m in Sources */ = {isa = PBXBuildFile; fileRef = 1A1C1DB21ED4324400EF74AB /* QCloudCOSTransferTests.m */; };
		1AB143F11E601E0500830F93 /* main.m in Sources */ = {isa = PBXBuildFile; fileRef = 1AB143F01E601E0500830F93 /* main.m */; };
		1AB143F41E601E0500830F93 /* AppDelegate.m in Sources */ = {isa = PBXBuildFile; fileRef = 1AB143F31E601E0500830F93 /* AppDelegate.m */; };
		1AB143F71E601E0500830F93 /* ViewController.m in Sources */ = {isa = PBXBuildFile; fileRef = 1AB143F61E601E0500830F93 /* ViewController.m */; };
		1AB143FC1E601E0500830F93 /* Assets.xcassets in Resources */ = {isa = PBXBuildFile; fileRef = 1AB143FB1E601E0500830F93 /* Assets.xcassets */; };
		1AB143FF1E601E0500830F93 /* LaunchScreen.storyboard in Resources */ = {isa = PBXBuildFile; fileRef = 1AB143FD1E601E0500830F93 /* LaunchScreen.storyboard */; };
		1AB1440A1E601E0500830F93 /* QCloudCOSXMLDemoTests.m in Sources */ = {isa = PBXBuildFile; fileRef = 1AB144091E601E0500830F93 /* QCloudCOSXMLDemoTests.m */; };
		1AB3815E1EE8FFCA00F6E302 /* QCloudCOSXMLBucketTests.m in Sources */ = {isa = PBXBuildFile; fileRef = 1AB3815D1EE8FFCA00F6E302 /* QCloudCOSXMLBucketTests.m */; };
		1AC3C2711EED368100B3151F /* Main.storyboard in Resources */ = {isa = PBXBuildFile; fileRef = 1AC3C2701EED368100B3151F /* Main.storyboard */; };
		1AFD73241EED1EF5002A1CD2 /* QCloudUploadViewController.m in Sources */ = {isa = PBXBuildFile; fileRef = 1AFD73231EED1EF5002A1CD2 /* QCloudUploadViewController.m */; };
		1AFD73271EED1EFF002A1CD2 /* QCloudDownloadViewController.m in Sources */ = {isa = PBXBuildFile; fileRef = 1AFD73261EED1EFF002A1CD2 /* QCloudDownloadViewController.m */; };
		22C6C3B097E8839604635346 /* Pods_QCloudCOSXMLDemo.framework in Frameworks */ = {isa = PBXBuildFile; fileRef = 377CE75396849EA8EA9F77E1 /* Pods_QCloudCOSXMLDemo.framework */; };
		7F069E0A21DDF7BD005F1AFA /* QCloudSTSPolicyTests.m in Sources */ = {isa = PBXBuildFile; fileRef = 7F069E0921DDF7BC005F1AFA /* QCloudSTSPolicyTests.m */; };
		7F26A8E7213557200078097B /* QCloudCOSCSPTest.m in Sources */ = {isa = PBXBuildFile; fileRef = 7F26A8E6213557200078097B /* QCloudCOSCSPTest.m */; };
		7F2923D52338ADB8008CE707 /* key.json in Resources */ = {isa = PBXBuildFile; fileRef = 7F2923D42338ADB8008CE707 /* key.json */; };
		7F2AFADD2689D05B006F2A46 /* QCloudTestUtility.m in Sources */ = {isa = PBXBuildFile; fileRef = 7F2AFADC2689D05B006F2A46 /* QCloudTestUtility.m */; };
		7F41127E2338A97100A3276E /* SecretStorage.m in Sources */ = {isa = PBXBuildFile; fileRef = 7F41127B2338A92200A3276E /* SecretStorage.m */; };
		7F43AE97213932EA0025DD1B /* QCloudCSPCOSXMLTestUtility.m in Sources */ = {isa = PBXBuildFile; fileRef = 7F43AE96213932EA0025DD1B /* QCloudCSPCOSXMLTestUtility.m */; };
		A7C6A89E254A6FCB002BF20E /* key.json in Resources */ = {isa = PBXBuildFile; fileRef = 7F2923D42338ADB8008CE707 /* key.json */; platformFilter = ios; };
		A7CB0119246D5AB700D4DB53 /* QCloudCOSQuicTransferTest.m in Sources */ = {isa = PBXBuildFile; fileRef = A7CB0118246D5AB700D4DB53 /* QCloudCOSQuicTransferTest.m */; };
		A801AD41201990DC004D1B9A /* NSString+UINCategory.m in Sources */ = {isa = PBXBuildFile; fileRef = A8C56AA31F205F13007D845B /* NSString+UINCategory.m */; };
		A801AD42201990DC004D1B9A /* QCloudTestTempVariables.m in Sources */ = {isa = PBXBuildFile; fileRef = A80802DF1FB945E800A7020E /* QCloudTestTempVariables.m */; };
		A808A89A1F25CD7600116AAC /* DownloadTableViewCell.m in Sources */ = {isa = PBXBuildFile; fileRef = A808A8991F25CD7600116AAC /* DownloadTableViewCell.m */; };
		A84AB4FB201AC62100A47F14 /* QCloudCOSXMLTestUtility.m in Sources */ = {isa = PBXBuildFile; fileRef = A82A95011FD13F3800273FC3 /* QCloudCOSXMLTestUtility.m */; };
		A8674C411F4ACF20005E14DD /* QCloudCOSXMLExceptionCoverage.m in Sources */ = {isa = PBXBuildFile; fileRef = A8674C401F4ACF20005E14DD /* QCloudCOSXMLExceptionCoverage.m */; };
		A89945C32091842B00FEFF28 /* QCloudTabBarViewController.m in Sources */ = {isa = PBXBuildFile; fileRef = A89945C22091842B00FEFF28 /* QCloudTabBarViewController.m */; };
		A89945C62091847900FEFF28 /* QCloudSelectRegionTableViewController.m in Sources */ = {isa = PBXBuildFile; fileRef = A89945C52091847900FEFF28 /* QCloudSelectRegionTableViewController.m */; };
		A89945C9209187E500FEFF28 /* QCloudCOSXMLConfiguration.m in Sources */ = {isa = PBXBuildFile; fileRef = A89945C8209187E500FEFF28 /* QCloudCOSXMLConfiguration.m */; };
		A89945CC2091AEC200FEFF28 /* NSURL+FileExtension.m in Sources */ = {isa = PBXBuildFile; fileRef = A89945CB2091AEC200FEFF28 /* NSURL+FileExtension.m */; };
		A89945CF2091CF6A00FEFF28 /* QCloudDownloadFinishViewController.m in Sources */ = {isa = PBXBuildFile; fileRef = A89945CE2091CF6A00FEFF28 /* QCloudDownloadFinishViewController.m */; };
		A89945D22091D21300FEFF28 /* QCloudTaskImformation.m in Sources */ = {isa = PBXBuildFile; fileRef = A89945D12091D21300FEFF28 /* QCloudTaskImformation.m */; };
		D2221E16248E605100AC5A4A /* QCloudCOSXMLImageHelperTests.m in Sources */ = {isa = PBXBuildFile; fileRef = D2221E15248E605100AC5A4A /* QCloudCOSXMLImageHelperTests.m */; };
		D22FB265246E28CA00C04C54 /* QCloudCreateBucketCtor.m in Sources */ = {isa = PBXBuildFile; fileRef = D22FB264246E28CA00C04C54 /* QCloudCreateBucketCtor.m */; };
		D22FB268246E303100C04C54 /* QCloudMyBucketListCtor.m in Sources */ = {isa = PBXBuildFile; fileRef = D22FB267246E303100C04C54 /* QCloudMyBucketListCtor.m */; };
		D22FB26C246E3FBF00C04C54 /* QCCouldMyBucketCell.m in Sources */ = {isa = PBXBuildFile; fileRef = D22FB26B246E3FBF00C04C54 /* QCCouldMyBucketCell.m */; };
		D22FB272246E8E2100C04C54 /* QCloudFileListCtor.m in Sources */ = {isa = PBXBuildFile; fileRef = D22FB271246E8E2100C04C54 /* QCloudFileListCtor.m */; };
		D2A14B1925948B14009F41EE /* QCloudCOSXMLModelCoverage.m in Sources */ = {isa = PBXBuildFile; fileRef = D2A14B1825948B14009F41EE /* QCloudCOSXMLModelCoverage.m */; };
		D2B7008624721C9600F59994 /* BucketFileItemViewCell.m in Sources */ = {isa = PBXBuildFile; fileRef = D2B7008424721C9600F59994 /* BucketFileItemViewCell.m */; };
		D2B7008A247220C800F59994 /* UIViewController+Loading.m in Sources */ = {isa = PBXBuildFile; fileRef = D2B70089247220C800F59994 /* UIViewController+Loading.m */; };
		D2B7008E2472280400F59994 /* QCloudBucketContents+Addition.m in Sources */ = {isa = PBXBuildFile; fileRef = D2B7008D2472280400F59994 /* QCloudBucketContents+Addition.m */; };
		D2B700912472379100F59994 /* QCloudDownLoadNewCtor.m in Sources */ = {isa = PBXBuildFile; fileRef = D2B700902472379100F59994 /* QCloudDownLoadNewCtor.m */; };
		D2B700972472722200F59994 /* QCloudUploadNewCtor.m in Sources */ = {isa = PBXBuildFile; fileRef = D2B700962472722200F59994 /* QCloudUploadNewCtor.m */; };
/* End PBXBuildFile section */

/* Begin PBXContainerItemProxy section */
		1AB144061E601E0500830F93 /* PBXContainerItemProxy */ = {
			isa = PBXContainerItemProxy;
			containerPortal = 1AB143E41E601E0500830F93 /* Project object */;
			proxyType = 1;
			remoteGlobalIDString = 1AB143EB1E601E0500830F93;
			remoteInfo = QCloudCOSXMLDemo;
		};
/* End PBXContainerItemProxy section */

/* Begin PBXFileReference section */
		13FDF217431BD4E82C61D408 /* Pods_QCloudCOSXMLDemoTests5_0_3.framework */ = {isa = PBXFileReference; explicitFileType = wrapper.framework; includeInIndex = 0; path = Pods_QCloudCOSXMLDemoTests5_0_3.framework; sourceTree = BUILT_PRODUCTS_DIR; };
		1A1C1DB21ED4324400EF74AB /* QCloudCOSTransferTests.m */ = {isa = PBXFileReference; fileEncoding = 4; lastKnownFileType = sourcecode.c.objc; path = QCloudCOSTransferTests.m; sourceTree = "<group>"; };
		1AB143EC1E601E0500830F93 /* QCloudCOSXMLDemo.app */ = {isa = PBXFileReference; explicitFileType = wrapper.application; includeInIndex = 0; path = QCloudCOSXMLDemo.app; sourceTree = BUILT_PRODUCTS_DIR; };
		1AB143F01E601E0500830F93 /* main.m */ = {isa = PBXFileReference; lastKnownFileType = sourcecode.c.objc; path = main.m; sourceTree = "<group>"; };
		1AB143F21E601E0500830F93 /* AppDelegate.h */ = {isa = PBXFileReference; lastKnownFileType = sourcecode.c.h; path = AppDelegate.h; sourceTree = "<group>"; };
		1AB143F31E601E0500830F93 /* AppDelegate.m */ = {isa = PBXFileReference; lastKnownFileType = sourcecode.c.objc; path = AppDelegate.m; sourceTree = "<group>"; };
		1AB143F51E601E0500830F93 /* ViewController.h */ = {isa = PBXFileReference; lastKnownFileType = sourcecode.c.h; path = ViewController.h; sourceTree = "<group>"; };
		1AB143F61E601E0500830F93 /* ViewController.m */ = {isa = PBXFileReference; lastKnownFileType = sourcecode.c.objc; path = ViewController.m; sourceTree = "<group>"; };
		1AB143FB1E601E0500830F93 /* Assets.xcassets */ = {isa = PBXFileReference; lastKnownFileType = folder.assetcatalog; path = Assets.xcassets; sourceTree = "<group>"; };
		1AB143FE1E601E0500830F93 /* Base */ = {isa = PBXFileReference; lastKnownFileType = file.storyboard; name = Base; path = Base.lproj/LaunchScreen.storyboard; sourceTree = "<group>"; };
		1AB144001E601E0500830F93 /* Info.plist */ = {isa = PBXFileReference; lastKnownFileType = text.plist.xml; path = Info.plist; sourceTree = "<group>"; };
		1AB144051E601E0500830F93 /* QCloudCOSXMLDemoTests.xctest */ = {isa = PBXFileReference; explicitFileType = wrapper.cfbundle; includeInIndex = 0; path = QCloudCOSXMLDemoTests.xctest; sourceTree = BUILT_PRODUCTS_DIR; };
		1AB144091E601E0500830F93 /* QCloudCOSXMLDemoTests.m */ = {isa = PBXFileReference; lastKnownFileType = sourcecode.c.objc; path = QCloudCOSXMLDemoTests.m; sourceTree = "<group>"; };
		1AB1440B1E601E0500830F93 /* Info.plist */ = {isa = PBXFileReference; lastKnownFileType = text.plist.xml; path = Info.plist; sourceTree = "<group>"; };
		1AB3815D1EE8FFCA00F6E302 /* QCloudCOSXMLBucketTests.m */ = {isa = PBXFileReference; fileEncoding = 4; lastKnownFileType = sourcecode.c.objc; path = QCloudCOSXMLBucketTests.m; sourceTree = "<group>"; };
		1AC3C2701EED368100B3151F /* Main.storyboard */ = {isa = PBXFileReference; fileEncoding = 4; lastKnownFileType = file.storyboard; path = Main.storyboard; sourceTree = "<group>"; };
		1AFD73221EED1EF5002A1CD2 /* QCloudUploadViewController.h */ = {isa = PBXFileReference; lastKnownFileType = sourcecode.c.h; path = QCloudUploadViewController.h; sourceTree = "<group>"; };
		1AFD73231EED1EF5002A1CD2 /* QCloudUploadViewController.m */ = {isa = PBXFileReference; lastKnownFileType = sourcecode.c.objc; path = QCloudUploadViewController.m; sourceTree = "<group>"; };
		1AFD73251EED1EFF002A1CD2 /* QCloudDownloadViewController.h */ = {isa = PBXFileReference; lastKnownFileType = sourcecode.c.h; path = QCloudDownloadViewController.h; sourceTree = "<group>"; };
		1AFD73261EED1EFF002A1CD2 /* QCloudDownloadViewController.m */ = {isa = PBXFileReference; lastKnownFileType = sourcecode.c.objc; path = QCloudDownloadViewController.m; sourceTree = "<group>"; };
		2B93F0F97D5E976135E0AFE7 /* Pods_QCloudCOSXMLDemoTests5_1_2.framework */ = {isa = PBXFileReference; explicitFileType = wrapper.framework; includeInIndex = 0; path = Pods_QCloudCOSXMLDemoTests5_1_2.framework; sourceTree = BUILT_PRODUCTS_DIR; };
		377CE75396849EA8EA9F77E1 /* Pods_QCloudCOSXMLDemo.framework */ = {isa = PBXFileReference; explicitFileType = wrapper.framework; includeInIndex = 0; path = Pods_QCloudCOSXMLDemo.framework; sourceTree = BUILT_PRODUCTS_DIR; };
		48F9B6C387B20809888E5294 /* Pods-QCloudCOSXMLDemoUITests.release.xcconfig */ = {isa = PBXFileReference; includeInIndex = 1; lastKnownFileType = text.xcconfig; name = "Pods-QCloudCOSXMLDemoUITests.release.xcconfig"; path = "Pods/Target Support Files/Pods-QCloudCOSXMLDemoUITests/Pods-QCloudCOSXMLDemoUITests.release.xcconfig"; sourceTree = "<group>"; };
		4D40D10FFB554B7B26399262 /* Pods-QCloudCOSXMLDemoTests.release.xcconfig */ = {isa = PBXFileReference; includeInIndex = 1; lastKnownFileType = text.xcconfig; name = "Pods-QCloudCOSXMLDemoTests.release.xcconfig"; path = "Pods/Target Support Files/Pods-QCloudCOSXMLDemoTests/Pods-QCloudCOSXMLDemoTests.release.xcconfig"; sourceTree = "<group>"; };
		4F699D8B78A45FB329DCD900 /* Pods_QCloudCOSXMLDemoTests5_0_0.framework */ = {isa = PBXFileReference; explicitFileType = wrapper.framework; includeInIndex = 0; path = Pods_QCloudCOSXMLDemoTests5_0_0.framework; sourceTree = BUILT_PRODUCTS_DIR; };
		5AA61E20CD9596F16704FEEB /* Pods_QCloudCOSXMLDemoTests.framework */ = {isa = PBXFileReference; explicitFileType = wrapper.framework; includeInIndex = 0; path = Pods_QCloudCOSXMLDemoTests.framework; sourceTree = BUILT_PRODUCTS_DIR; };
		6CC8AC54670D840118C7CCA7 /* Pods_QCloudCOSXMLDemoTests5_1_3.framework */ = {isa = PBXFileReference; explicitFileType = wrapper.framework; includeInIndex = 0; path = Pods_QCloudCOSXMLDemoTests5_1_3.framework; sourceTree = BUILT_PRODUCTS_DIR; };
		6EA9F3C34ABACFEC7DD62D8B /* Pods_QCloudCOSXMLDemoUITests.framework */ = {isa = PBXFileReference; explicitFileType = wrapper.framework; includeInIndex = 0; path = Pods_QCloudCOSXMLDemoUITests.framework; sourceTree = BUILT_PRODUCTS_DIR; };
		6F98B7F2A1115840A5C2B935 /* Pods_QCloudCOSXMLDemoTests5_2_0.framework */ = {isa = PBXFileReference; explicitFileType = wrapper.framework; includeInIndex = 0; path = Pods_QCloudCOSXMLDemoTests5_2_0.framework; sourceTree = BUILT_PRODUCTS_DIR; };
		7F069E0921DDF7BC005F1AFA /* QCloudSTSPolicyTests.m */ = {isa = PBXFileReference; fileEncoding = 4; lastKnownFileType = sourcecode.c.objc; path = QCloudSTSPolicyTests.m; sourceTree = "<group>"; };
		7F0A723C2488EBDF0063FE1E /* TestCommonDefine.h */ = {isa = PBXFileReference; lastKnownFileType = sourcecode.c.h; path = TestCommonDefine.h; sourceTree = "<group>"; };
		7F26A8E6213557200078097B /* QCloudCOSCSPTest.m */ = {isa = PBXFileReference; lastKnownFileType = sourcecode.c.objc; path = QCloudCOSCSPTest.m; sourceTree = "<group>"; };
		7F2923D42338ADB8008CE707 /* key.json */ = {isa = PBXFileReference; fileEncoding = 4; lastKnownFileType = text.json; path = key.json; sourceTree = "<group>"; };
		7F2AFADB2689D05B006F2A46 /* QCloudTestUtility.h */ = {isa = PBXFileReference; fileEncoding = 4; lastKnownFileType = sourcecode.c.h; path = QCloudTestUtility.h; sourceTree = "<group>"; };
		7F2AFADC2689D05B006F2A46 /* QCloudTestUtility.m */ = {isa = PBXFileReference; fileEncoding = 4; lastKnownFileType = sourcecode.c.objc; path = QCloudTestUtility.m; sourceTree = "<group>"; };
		7F41127B2338A92200A3276E /* SecretStorage.m */ = {isa = PBXFileReference; fileEncoding = 4; lastKnownFileType = sourcecode.c.objc; path = SecretStorage.m; sourceTree = "<group>"; };
		7F41127C2338A92200A3276E /* SecretStorage.h */ = {isa = PBXFileReference; fileEncoding = 4; lastKnownFileType = sourcecode.c.h; path = SecretStorage.h; sourceTree = "<group>"; };
		7F43AE95213932EA0025DD1B /* QCloudCSPCOSXMLTestUtility.h */ = {isa = PBXFileReference; lastKnownFileType = sourcecode.c.h; path = QCloudCSPCOSXMLTestUtility.h; sourceTree = "<group>"; };
		7F43AE96213932EA0025DD1B /* QCloudCSPCOSXMLTestUtility.m */ = {isa = PBXFileReference; lastKnownFileType = sourcecode.c.objc; path = QCloudCSPCOSXMLTestUtility.m; sourceTree = "<group>"; };
		9654212306C795652741CD7D /* Pods-QCloudCOSXMLDemoUITests.debug.xcconfig */ = {isa = PBXFileReference; includeInIndex = 1; lastKnownFileType = text.xcconfig; name = "Pods-QCloudCOSXMLDemoUITests.debug.xcconfig"; path = "Pods/Target Support Files/Pods-QCloudCOSXMLDemoUITests/Pods-QCloudCOSXMLDemoUITests.debug.xcconfig"; sourceTree = "<group>"; };
		97B41EAB32CF1E794485FFFD /* Pods_QCloudCOSXMLDemo_QCloudCOSXMLDemoTests5_2_0.framework */ = {isa = PBXFileReference; explicitFileType = wrapper.framework; includeInIndex = 0; path = Pods_QCloudCOSXMLDemo_QCloudCOSXMLDemoTests5_2_0.framework; sourceTree = BUILT_PRODUCTS_DIR; };
		A08263B6E96481462EF19F6A /* Pods_QCloudCOSXMLDemoTests5_1_0.framework */ = {isa = PBXFileReference; explicitFileType = wrapper.framework; includeInIndex = 0; path = Pods_QCloudCOSXMLDemoTests5_1_0.framework; sourceTree = BUILT_PRODUCTS_DIR; };
		A7CB0118246D5AB700D4DB53 /* QCloudCOSQuicTransferTest.m */ = {isa = PBXFileReference; fileEncoding = 4; lastKnownFileType = sourcecode.c.objc; path = QCloudCOSQuicTransferTest.m; sourceTree = "<group>"; };
		A80802DE1FB945E800A7020E /* QCloudTestTempVariables.h */ = {isa = PBXFileReference; lastKnownFileType = sourcecode.c.h; path = QCloudTestTempVariables.h; sourceTree = "<group>"; };
		A80802DF1FB945E800A7020E /* QCloudTestTempVariables.m */ = {isa = PBXFileReference; lastKnownFileType = sourcecode.c.objc; path = QCloudTestTempVariables.m; sourceTree = "<group>"; };
		A808A8981F25CD7600116AAC /* DownloadTableViewCell.h */ = {isa = PBXFileReference; fileEncoding = 4; lastKnownFileType = sourcecode.c.h; path = DownloadTableViewCell.h; sourceTree = "<group>"; };
		A808A8991F25CD7600116AAC /* DownloadTableViewCell.m */ = {isa = PBXFileReference; fileEncoding = 4; lastKnownFileType = sourcecode.c.objc; path = DownloadTableViewCell.m; sourceTree = "<group>"; };
		A82A95001FD13F3800273FC3 /* QCloudCOSXMLTestUtility.h */ = {isa = PBXFileReference; lastKnownFileType = sourcecode.c.h; path = QCloudCOSXMLTestUtility.h; sourceTree = "<group>"; };
		A82A95011FD13F3800273FC3 /* QCloudCOSXMLTestUtility.m */ = {isa = PBXFileReference; lastKnownFileType = sourcecode.c.objc; path = QCloudCOSXMLTestUtility.m; sourceTree = "<group>"; };
		A8674C401F4ACF20005E14DD /* QCloudCOSXMLExceptionCoverage.m */ = {isa = PBXFileReference; fileEncoding = 4; lastKnownFileType = sourcecode.c.objc; path = QCloudCOSXMLExceptionCoverage.m; sourceTree = "<group>"; };
		A89945C12091842B00FEFF28 /* QCloudTabBarViewController.h */ = {isa = PBXFileReference; lastKnownFileType = sourcecode.c.h; path = QCloudTabBarViewController.h; sourceTree = "<group>"; };
		A89945C22091842B00FEFF28 /* QCloudTabBarViewController.m */ = {isa = PBXFileReference; lastKnownFileType = sourcecode.c.objc; path = QCloudTabBarViewController.m; sourceTree = "<group>"; };
		A89945C42091847900FEFF28 /* QCloudSelectRegionTableViewController.h */ = {isa = PBXFileReference; lastKnownFileType = sourcecode.c.h; path = QCloudSelectRegionTableViewController.h; sourceTree = "<group>"; };
		A89945C52091847900FEFF28 /* QCloudSelectRegionTableViewController.m */ = {isa = PBXFileReference; lastKnownFileType = sourcecode.c.objc; path = QCloudSelectRegionTableViewController.m; sourceTree = "<group>"; };
		A89945C7209187E500FEFF28 /* QCloudCOSXMLConfiguration.h */ = {isa = PBXFileReference; lastKnownFileType = sourcecode.c.h; path = QCloudCOSXMLConfiguration.h; sourceTree = "<group>"; };
		A89945C8209187E500FEFF28 /* QCloudCOSXMLConfiguration.m */ = {isa = PBXFileReference; lastKnownFileType = sourcecode.c.objc; path = QCloudCOSXMLConfiguration.m; sourceTree = "<group>"; };
		A89945CA2091AEC200FEFF28 /* NSURL+FileExtension.h */ = {isa = PBXFileReference; lastKnownFileType = sourcecode.c.h; path = "NSURL+FileExtension.h"; sourceTree = "<group>"; };
		A89945CB2091AEC200FEFF28 /* NSURL+FileExtension.m */ = {isa = PBXFileReference; lastKnownFileType = sourcecode.c.objc; path = "NSURL+FileExtension.m"; sourceTree = "<group>"; };
		A89945CD2091CF6A00FEFF28 /* QCloudDownloadFinishViewController.h */ = {isa = PBXFileReference; lastKnownFileType = sourcecode.c.h; path = QCloudDownloadFinishViewController.h; sourceTree = "<group>"; };
		A89945CE2091CF6A00FEFF28 /* QCloudDownloadFinishViewController.m */ = {isa = PBXFileReference; lastKnownFileType = sourcecode.c.objc; path = QCloudDownloadFinishViewController.m; sourceTree = "<group>"; };
		A89945D02091D21300FEFF28 /* QCloudTaskImformation.h */ = {isa = PBXFileReference; lastKnownFileType = sourcecode.c.h; path = QCloudTaskImformation.h; sourceTree = "<group>"; };
		A89945D12091D21300FEFF28 /* QCloudTaskImformation.m */ = {isa = PBXFileReference; lastKnownFileType = sourcecode.c.objc; path = QCloudTaskImformation.m; sourceTree = "<group>"; };
		A8C56AA21F205F13007D845B /* NSString+UINCategory.h */ = {isa = PBXFileReference; fileEncoding = 4; lastKnownFileType = sourcecode.c.h; path = "NSString+UINCategory.h"; sourceTree = "<group>"; };
		A8C56AA31F205F13007D845B /* NSString+UINCategory.m */ = {isa = PBXFileReference; fileEncoding = 4; lastKnownFileType = sourcecode.c.objc; path = "NSString+UINCategory.m"; sourceTree = "<group>"; };
		C4A3043A5CCC66AEB50EA9AE /* Pods-QCloudCOSXMLDemo.debug.xcconfig */ = {isa = PBXFileReference; includeInIndex = 1; lastKnownFileType = text.xcconfig; name = "Pods-QCloudCOSXMLDemo.debug.xcconfig"; path = "Pods/Target Support Files/Pods-QCloudCOSXMLDemo/Pods-QCloudCOSXMLDemo.debug.xcconfig"; sourceTree = "<group>"; };
		C95158B5B01F8A56A060B06C /* Pods_QCloudCOSXMLDemoTests5_0_1.framework */ = {isa = PBXFileReference; explicitFileType = wrapper.framework; includeInIndex = 0; path = Pods_QCloudCOSXMLDemoTests5_0_1.framework; sourceTree = BUILT_PRODUCTS_DIR; };
		D2221E15248E605100AC5A4A /* QCloudCOSXMLImageHelperTests.m */ = {isa = PBXFileReference; lastKnownFileType = sourcecode.c.objc; path = QCloudCOSXMLImageHelperTests.m; sourceTree = "<group>"; };
		D22FB263246E28CA00C04C54 /* QCloudCreateBucketCtor.h */ = {isa = PBXFileReference; lastKnownFileType = sourcecode.c.h; path = QCloudCreateBucketCtor.h; sourceTree = "<group>"; };
		D22FB264246E28CA00C04C54 /* QCloudCreateBucketCtor.m */ = {isa = PBXFileReference; lastKnownFileType = sourcecode.c.objc; path = QCloudCreateBucketCtor.m; sourceTree = "<group>"; };
		D22FB266246E303100C04C54 /* QCloudMyBucketListCtor.h */ = {isa = PBXFileReference; lastKnownFileType = sourcecode.c.h; path = QCloudMyBucketListCtor.h; sourceTree = "<group>"; };
		D22FB267246E303100C04C54 /* QCloudMyBucketListCtor.m */ = {isa = PBXFileReference; lastKnownFileType = sourcecode.c.objc; path = QCloudMyBucketListCtor.m; sourceTree = "<group>"; };
		D22FB26A246E3FBF00C04C54 /* QCCouldMyBucketCell.h */ = {isa = PBXFileReference; lastKnownFileType = sourcecode.c.h; path = QCCouldMyBucketCell.h; sourceTree = "<group>"; };
		D22FB26B246E3FBF00C04C54 /* QCCouldMyBucketCell.m */ = {isa = PBXFileReference; lastKnownFileType = sourcecode.c.objc; path = QCCouldMyBucketCell.m; sourceTree = "<group>"; };
		D22FB26D246E40B900C04C54 /* PrefixHeader.pch */ = {isa = PBXFileReference; lastKnownFileType = sourcecode.c.h; path = PrefixHeader.pch; sourceTree = "<group>"; };
		D22FB270246E8E2100C04C54 /* QCloudFileListCtor.h */ = {isa = PBXFileReference; lastKnownFileType = sourcecode.c.h; path = QCloudFileListCtor.h; sourceTree = "<group>"; };
		D22FB271246E8E2100C04C54 /* QCloudFileListCtor.m */ = {isa = PBXFileReference; lastKnownFileType = sourcecode.c.objc; path = QCloudFileListCtor.m; sourceTree = "<group>"; };
		D2A14B1825948B14009F41EE /* QCloudCOSXMLModelCoverage.m */ = {isa = PBXFileReference; fileEncoding = 4; lastKnownFileType = sourcecode.c.objc; path = QCloudCOSXMLModelCoverage.m; sourceTree = "<group>"; };
		D2B7008324721C9600F59994 /* BucketFileItemViewCell.h */ = {isa = PBXFileReference; lastKnownFileType = sourcecode.c.h; path = BucketFileItemViewCell.h; sourceTree = "<group>"; };
		D2B7008424721C9600F59994 /* BucketFileItemViewCell.m */ = {isa = PBXFileReference; lastKnownFileType = sourcecode.c.objc; path = BucketFileItemViewCell.m; sourceTree = "<group>"; };
		D2B70088247220C800F59994 /* UIViewController+Loading.h */ = {isa = PBXFileReference; lastKnownFileType = sourcecode.c.h; path = "UIViewController+Loading.h"; sourceTree = "<group>"; };
		D2B70089247220C800F59994 /* UIViewController+Loading.m */ = {isa = PBXFileReference; lastKnownFileType = sourcecode.c.objc; path = "UIViewController+Loading.m"; sourceTree = "<group>"; };
		D2B7008C2472280400F59994 /* QCloudBucketContents+Addition.h */ = {isa = PBXFileReference; lastKnownFileType = sourcecode.c.h; path = "QCloudBucketContents+Addition.h"; sourceTree = "<group>"; };
		D2B7008D2472280400F59994 /* QCloudBucketContents+Addition.m */ = {isa = PBXFileReference; lastKnownFileType = sourcecode.c.objc; path = "QCloudBucketContents+Addition.m"; sourceTree = "<group>"; };
		D2B7008F2472379100F59994 /* QCloudDownLoadNewCtor.h */ = {isa = PBXFileReference; lastKnownFileType = sourcecode.c.h; path = QCloudDownLoadNewCtor.h; sourceTree = "<group>"; };
		D2B700902472379100F59994 /* QCloudDownLoadNewCtor.m */ = {isa = PBXFileReference; lastKnownFileType = sourcecode.c.objc; path = QCloudDownLoadNewCtor.m; sourceTree = "<group>"; };
		D2B700952472722200F59994 /* QCloudUploadNewCtor.h */ = {isa = PBXFileReference; lastKnownFileType = sourcecode.c.h; path = QCloudUploadNewCtor.h; sourceTree = "<group>"; };
		D2B700962472722200F59994 /* QCloudUploadNewCtor.m */ = {isa = PBXFileReference; lastKnownFileType = sourcecode.c.objc; path = QCloudUploadNewCtor.m; sourceTree = "<group>"; };
		D2B700CD2477BDF600F59994 /* QCloudCOSXMLContants.h */ = {isa = PBXFileReference; fileEncoding = 4; lastKnownFileType = sourcecode.c.h; path = QCloudCOSXMLContants.h; sourceTree = "<group>"; };
		F2FFB526C25234819DB6C822 /* Pods-QCloudCOSXMLDemoTests.debug.xcconfig */ = {isa = PBXFileReference; includeInIndex = 1; lastKnownFileType = text.xcconfig; name = "Pods-QCloudCOSXMLDemoTests.debug.xcconfig"; path = "Pods/Target Support Files/Pods-QCloudCOSXMLDemoTests/Pods-QCloudCOSXMLDemoTests.debug.xcconfig"; sourceTree = "<group>"; };
		F3E9F7DE3343D4DD2A0004E1 /* Pods-QCloudCOSXMLDemo.release.xcconfig */ = {isa = PBXFileReference; includeInIndex = 1; lastKnownFileType = text.xcconfig; name = "Pods-QCloudCOSXMLDemo.release.xcconfig"; path = "Pods/Target Support Files/Pods-QCloudCOSXMLDemo/Pods-QCloudCOSXMLDemo.release.xcconfig"; sourceTree = "<group>"; };
		F3ED2BCC59D2BD696DAAF0C1 /* Pods_QCloudCOSXMLDemoTests5_0_2.framework */ = {isa = PBXFileReference; explicitFileType = wrapper.framework; includeInIndex = 0; path = Pods_QCloudCOSXMLDemoTests5_0_2.framework; sourceTree = BUILT_PRODUCTS_DIR; };
		F9A2A85E59C5058E9F7E178E /* Pods_QCloudCOSXMLDemoTests5_1_1.framework */ = {isa = PBXFileReference; explicitFileType = wrapper.framework; includeInIndex = 0; path = Pods_QCloudCOSXMLDemoTests5_1_1.framework; sourceTree = BUILT_PRODUCTS_DIR; };
		FA1D338767EAC82C0E8421D2 /* Pods-QCloudCOSXMLDemo-QCloudCOSXMLDemoTests5.2.0.release.xcconfig */ = {isa = PBXFileReference; includeInIndex = 1; lastKnownFileType = text.xcconfig; name = "Pods-QCloudCOSXMLDemo-QCloudCOSXMLDemoTests5.2.0.release.xcconfig"; path = "Pods/Target Support Files/Pods-QCloudCOSXMLDemo-QCloudCOSXMLDemoTests5.2.0/Pods-QCloudCOSXMLDemo-QCloudCOSXMLDemoTests5.2.0.release.xcconfig"; sourceTree = "<group>"; };
		FEB20D4D9D87BB9381835034 /* Pods-QCloudCOSXMLDemo-QCloudCOSXMLDemoTests5.2.0.debug.xcconfig */ = {isa = PBXFileReference; includeInIndex = 1; lastKnownFileType = text.xcconfig; name = "Pods-QCloudCOSXMLDemo-QCloudCOSXMLDemoTests5.2.0.debug.xcconfig"; path = "Pods/Target Support Files/Pods-QCloudCOSXMLDemo-QCloudCOSXMLDemoTests5.2.0/Pods-QCloudCOSXMLDemo-QCloudCOSXMLDemoTests5.2.0.debug.xcconfig"; sourceTree = "<group>"; };
/* End PBXFileReference section */

/* Begin PBXFrameworksBuildPhase section */
		1AB143E91E601E0500830F93 /* Frameworks */ = {
			isa = PBXFrameworksBuildPhase;
			buildActionMask = 2147483647;
			files = (
				22C6C3B097E8839604635346 /* Pods_QCloudCOSXMLDemo.framework in Frameworks */,
			);
			runOnlyForDeploymentPostprocessing = 0;
		};
		1AB144021E601E0500830F93 /* Frameworks */ = {
			isa = PBXFrameworksBuildPhase;
			buildActionMask = 2147483647;
			files = (
				0846D4FC31472DFAA0929803 /* Pods_QCloudCOSXMLDemoTests.framework in Frameworks */,
			);
			runOnlyForDeploymentPostprocessing = 0;
		};
/* End PBXFrameworksBuildPhase section */

/* Begin PBXGroup section */
		1AB143E31E601E0500830F93 = {
			isa = PBXGroup;
			children = (
				7F2923D42338ADB8008CE707 /* key.json */,
				1AB143EE1E601E0500830F93 /* QCloudCOSXMLDemo */,
				1AB144081E601E0500830F93 /* QCloudCOSXMLDemoTests */,
				1AB143ED1E601E0500830F93 /* Products */,
				653460976F84B6E5D3700574 /* Pods */,
				4BD76E968F422ED67FDC5B0D /* Frameworks */,
			);
			sourceTree = "<group>";
		};
		1AB143ED1E601E0500830F93 /* Products */ = {
			isa = PBXGroup;
			children = (
				1AB143EC1E601E0500830F93 /* QCloudCOSXMLDemo.app */,
				1AB144051E601E0500830F93 /* QCloudCOSXMLDemoTests.xctest */,
			);
			name = Products;
			sourceTree = "<group>";
		};
		1AB143EE1E601E0500830F93 /* QCloudCOSXMLDemo */ = {
			isa = PBXGroup;
			children = (
				7F2AFADA2689D05B006F2A46 /* TestUtility */,
				D2B7008B247227A000F59994 /* Categroy */,
				D22FB26F246E8D9600C04C54 /* BucketDetail */,
				D22FB269246E304700C04C54 /* MyBucket */,
				A808A8971F25CD5100116AAC /* Download */,
				A89945C0209183F200FEFF28 /* Upload */,
				7F41127C2338A92200A3276E /* SecretStorage.h */,
				7F41127B2338A92200A3276E /* SecretStorage.m */,
				A89945C7209187E500FEFF28 /* QCloudCOSXMLConfiguration.h */,
				A89945C8209187E500FEFF28 /* QCloudCOSXMLConfiguration.m */,
				A89945C12091842B00FEFF28 /* QCloudTabBarViewController.h */,
				A89945C22091842B00FEFF28 /* QCloudTabBarViewController.m */,
				A80802DE1FB945E800A7020E /* QCloudTestTempVariables.h */,
				A80802DF1FB945E800A7020E /* QCloudTestTempVariables.m */,
				1AB143F21E601E0500830F93 /* AppDelegate.h */,
				7F0A723C2488EBDF0063FE1E /* TestCommonDefine.h */,
				1AB143F31E601E0500830F93 /* AppDelegate.m */,
				1AB143F51E601E0500830F93 /* ViewController.h */,
				1AB143F61E601E0500830F93 /* ViewController.m */,
				1AB143FB1E601E0500830F93 /* Assets.xcassets */,
				1AB143FD1E601E0500830F93 /* LaunchScreen.storyboard */,
				1AC3C2701EED368100B3151F /* Main.storyboard */,
				1AB144001E601E0500830F93 /* Info.plist */,
				D2B700CD2477BDF600F59994 /* QCloudCOSXMLContants.h */,
				1AB143EF1E601E0500830F93 /* Supporting Files */,
				A89945C42091847900FEFF28 /* QCloudSelectRegionTableViewController.h */,
				A89945C52091847900FEFF28 /* QCloudSelectRegionTableViewController.m */,
				D22FB26D246E40B900C04C54 /* PrefixHeader.pch */,
			);
			path = QCloudCOSXMLDemo;
			sourceTree = "<group>";
		};
		1AB143EF1E601E0500830F93 /* Supporting Files */ = {
			isa = PBXGroup;
			children = (
				1AB143F01E601E0500830F93 /* main.m */,
			);
			name = "Supporting Files";
			sourceTree = "<group>";
		};
		1AB144081E601E0500830F93 /* QCloudCOSXMLDemoTests */ = {
			isa = PBXGroup;
			children = (
				7F26A8E6213557200078097B /* QCloudCOSCSPTest.m */,
				7F069E0921DDF7BC005F1AFA /* QCloudSTSPolicyTests.m */,
				A82A95001FD13F3800273FC3 /* QCloudCOSXMLTestUtility.h */,
				A82A95011FD13F3800273FC3 /* QCloudCOSXMLTestUtility.m */,
				A8674C401F4ACF20005E14DD /* QCloudCOSXMLExceptionCoverage.m */,
				1AB144091E601E0500830F93 /* QCloudCOSXMLDemoTests.m */,
				1AB1440B1E601E0500830F93 /* Info.plist */,
				A7CB0118246D5AB700D4DB53 /* QCloudCOSQuicTransferTest.m */,
				1A1C1DB21ED4324400EF74AB /* QCloudCOSTransferTests.m */,
				1AB3815D1EE8FFCA00F6E302 /* QCloudCOSXMLBucketTests.m */,
				7F43AE95213932EA0025DD1B /* QCloudCSPCOSXMLTestUtility.h */,
				7F43AE96213932EA0025DD1B /* QCloudCSPCOSXMLTestUtility.m */,
				D2221E15248E605100AC5A4A /* QCloudCOSXMLImageHelperTests.m */,
				D2A14B1825948B14009F41EE /* QCloudCOSXMLModelCoverage.m */,
			);
			path = QCloudCOSXMLDemoTests;
			sourceTree = "<group>";
		};
		4BD76E968F422ED67FDC5B0D /* Frameworks */ = {
			isa = PBXGroup;
			children = (
				6EA9F3C34ABACFEC7DD62D8B /* Pods_QCloudCOSXMLDemoUITests.framework */,
				6F98B7F2A1115840A5C2B935 /* Pods_QCloudCOSXMLDemoTests5_2_0.framework */,
				97B41EAB32CF1E794485FFFD /* Pods_QCloudCOSXMLDemo_QCloudCOSXMLDemoTests5_2_0.framework */,
				6CC8AC54670D840118C7CCA7 /* Pods_QCloudCOSXMLDemoTests5_1_3.framework */,
				2B93F0F97D5E976135E0AFE7 /* Pods_QCloudCOSXMLDemoTests5_1_2.framework */,
				F9A2A85E59C5058E9F7E178E /* Pods_QCloudCOSXMLDemoTests5_1_1.framework */,
				A08263B6E96481462EF19F6A /* Pods_QCloudCOSXMLDemoTests5_1_0.framework */,
				13FDF217431BD4E82C61D408 /* Pods_QCloudCOSXMLDemoTests5_0_3.framework */,
				F3ED2BCC59D2BD696DAAF0C1 /* Pods_QCloudCOSXMLDemoTests5_0_2.framework */,
				C95158B5B01F8A56A060B06C /* Pods_QCloudCOSXMLDemoTests5_0_1.framework */,
				4F699D8B78A45FB329DCD900 /* Pods_QCloudCOSXMLDemoTests5_0_0.framework */,
				377CE75396849EA8EA9F77E1 /* Pods_QCloudCOSXMLDemo.framework */,
				5AA61E20CD9596F16704FEEB /* Pods_QCloudCOSXMLDemoTests.framework */,
			);
			name = Frameworks;
			sourceTree = "<group>";
		};
		653460976F84B6E5D3700574 /* Pods */ = {
			isa = PBXGroup;
			children = (
				C4A3043A5CCC66AEB50EA9AE /* Pods-QCloudCOSXMLDemo.debug.xcconfig */,
				F3E9F7DE3343D4DD2A0004E1 /* Pods-QCloudCOSXMLDemo.release.xcconfig */,
				9654212306C795652741CD7D /* Pods-QCloudCOSXMLDemoUITests.debug.xcconfig */,
				48F9B6C387B20809888E5294 /* Pods-QCloudCOSXMLDemoUITests.release.xcconfig */,
				FEB20D4D9D87BB9381835034 /* Pods-QCloudCOSXMLDemo-QCloudCOSXMLDemoTests5.2.0.debug.xcconfig */,
				FA1D338767EAC82C0E8421D2 /* Pods-QCloudCOSXMLDemo-QCloudCOSXMLDemoTests5.2.0.release.xcconfig */,
				F2FFB526C25234819DB6C822 /* Pods-QCloudCOSXMLDemoTests.debug.xcconfig */,
				4D40D10FFB554B7B26399262 /* Pods-QCloudCOSXMLDemoTests.release.xcconfig */,
			);
			name = Pods;
			sourceTree = "<group>";
		};
		7F2AFADA2689D05B006F2A46 /* TestUtility */ = {
			isa = PBXGroup;
			children = (
				7F2AFADB2689D05B006F2A46 /* QCloudTestUtility.h */,
				7F2AFADC2689D05B006F2A46 /* QCloudTestUtility.m */,
			);
			path = TestUtility;
			sourceTree = "<group>";
		};
		A808A8971F25CD5100116AAC /* Download */ = {
			isa = PBXGroup;
			children = (
				D2B7008F2472379100F59994 /* QCloudDownLoadNewCtor.h */,
				D2B700902472379100F59994 /* QCloudDownLoadNewCtor.m */,
				1AFD73251EED1EFF002A1CD2 /* QCloudDownloadViewController.h */,
				1AFD73261EED1EFF002A1CD2 /* QCloudDownloadViewController.m */,
				A808A8981F25CD7600116AAC /* DownloadTableViewCell.h */,
				A808A8991F25CD7600116AAC /* DownloadTableViewCell.m */,
				A89945CD2091CF6A00FEFF28 /* QCloudDownloadFinishViewController.h */,
				A89945CE2091CF6A00FEFF28 /* QCloudDownloadFinishViewController.m */,
				A89945D02091D21300FEFF28 /* QCloudTaskImformation.h */,
				A89945D12091D21300FEFF28 /* QCloudTaskImformation.m */,
			);
			name = Download;
			sourceTree = "<group>";
		};
		A89945C0209183F200FEFF28 /* Upload */ = {
			isa = PBXGroup;
			children = (
				D2B700952472722200F59994 /* QCloudUploadNewCtor.h */,
				D2B700962472722200F59994 /* QCloudUploadNewCtor.m */,
				1AFD73221EED1EF5002A1CD2 /* QCloudUploadViewController.h */,
				1AFD73231EED1EF5002A1CD2 /* QCloudUploadViewController.m */,
			);
			name = Upload;
			sourceTree = "<group>";
		};
		D22FB269246E304700C04C54 /* MyBucket */ = {
			isa = PBXGroup;
			children = (
				D22FB263246E28CA00C04C54 /* QCloudCreateBucketCtor.h */,
				D22FB264246E28CA00C04C54 /* QCloudCreateBucketCtor.m */,
				D22FB266246E303100C04C54 /* QCloudMyBucketListCtor.h */,
				D22FB267246E303100C04C54 /* QCloudMyBucketListCtor.m */,
				D22FB26A246E3FBF00C04C54 /* QCCouldMyBucketCell.h */,
				D22FB26B246E3FBF00C04C54 /* QCCouldMyBucketCell.m */,
			);
			name = MyBucket;
			sourceTree = "<group>";
		};
		D22FB26F246E8D9600C04C54 /* BucketDetail */ = {
			isa = PBXGroup;
			children = (
				D22FB270246E8E2100C04C54 /* QCloudFileListCtor.h */,
				D22FB271246E8E2100C04C54 /* QCloudFileListCtor.m */,
				D2B7008324721C9600F59994 /* BucketFileItemViewCell.h */,
				D2B7008424721C9600F59994 /* BucketFileItemViewCell.m */,
			);
			name = BucketDetail;
			sourceTree = "<group>";
		};
		D2B7008B247227A000F59994 /* Categroy */ = {
			isa = PBXGroup;
			children = (
				D2B70088247220C800F59994 /* UIViewController+Loading.h */,
				D2B70089247220C800F59994 /* UIViewController+Loading.m */,
				A8C56AA21F205F13007D845B /* NSString+UINCategory.h */,
				A8C56AA31F205F13007D845B /* NSString+UINCategory.m */,
				A89945CA2091AEC200FEFF28 /* NSURL+FileExtension.h */,
				A89945CB2091AEC200FEFF28 /* NSURL+FileExtension.m */,
				D2B7008C2472280400F59994 /* QCloudBucketContents+Addition.h */,
				D2B7008D2472280400F59994 /* QCloudBucketContents+Addition.m */,
			);
			name = Categroy;
			sourceTree = "<group>";
		};
/* End PBXGroup section */

/* Begin PBXNativeTarget section */
		1AB143EB1E601E0500830F93 /* QCloudCOSXMLDemo */ = {
			isa = PBXNativeTarget;
			buildConfigurationList = 1AB144191E601E0500830F93 /* Build configuration list for PBXNativeTarget "QCloudCOSXMLDemo" */;
			buildPhases = (
				9985684AE5A7F7B42D827A19 /* [CP] Check Pods Manifest.lock */,
				1AB143E81E601E0500830F93 /* Sources */,
				1AB143E91E601E0500830F93 /* Frameworks */,
				1AB143EA1E601E0500830F93 /* Resources */,
				86791D761081E42076358600 /* [CP] Embed Pods Frameworks */,
				5531753F06D2602A23691AE3 /* [CP] Copy Pods Resources */,
			);
			buildRules = (
			);
			dependencies = (
			);
			name = QCloudCOSXMLDemo;
			productName = QCloudCOSXMLDemo;
			productReference = 1AB143EC1E601E0500830F93 /* QCloudCOSXMLDemo.app */;
			productType = "com.apple.product-type.application";
		};
		1AB144041E601E0500830F93 /* QCloudCOSXMLDemoTests */ = {
			isa = PBXNativeTarget;
			buildConfigurationList = 1AB1441C1E601E0500830F93 /* Build configuration list for PBXNativeTarget "QCloudCOSXMLDemoTests" */;
			buildPhases = (
				1D59EE8D501B13C83D478AED /* [CP] Check Pods Manifest.lock */,
				1AB144011E601E0500830F93 /* Sources */,
				1AB144021E601E0500830F93 /* Frameworks */,
				1AB144031E601E0500830F93 /* Resources */,
			);
			buildRules = (
			);
			dependencies = (
				1AB144071E601E0500830F93 /* PBXTargetDependency */,
			);
			name = QCloudCOSXMLDemoTests;
			productName = QCloudCOSXMLDemoTests;
			productReference = 1AB144051E601E0500830F93 /* QCloudCOSXMLDemoTests.xctest */;
			productType = "com.apple.product-type.bundle.unit-test";
		};
/* End PBXNativeTarget section */

/* Begin PBXProject section */
		1AB143E41E601E0500830F93 /* Project object */ = {
			isa = PBXProject;
			attributes = {
				LastUpgradeCheck = 0820;
				ORGANIZATIONNAME = Tencent;
				TargetAttributes = {
					1AB143EB1E601E0500830F93 = {
						CreatedOnToolsVersion = 8.2.1;
					};
					1AB144041E601E0500830F93 = {
						CreatedOnToolsVersion = 8.2.1;
						DevelopmentTeam = TD5DJDNRQ4;
						ProvisioningStyle = Automatic;
						TestTargetID = 1AB143EB1E601E0500830F93;
					};
				};
			};
			buildConfigurationList = 1AB143E71E601E0500830F93 /* Build configuration list for PBXProject "QCloudCOSXMLDemo" */;
			compatibilityVersion = "Xcode 3.2";
			developmentRegion = English;
			hasScannedForEncodings = 0;
			knownRegions = (
				English,
				en,
				Base,
			);
			mainGroup = 1AB143E31E601E0500830F93;
			productRefGroup = 1AB143ED1E601E0500830F93 /* Products */;
			projectDirPath = "";
			projectRoot = "";
			targets = (
				1AB143EB1E601E0500830F93 /* QCloudCOSXMLDemo */,
				1AB144041E601E0500830F93 /* QCloudCOSXMLDemoTests */,
			);
		};
/* End PBXProject section */

/* Begin PBXResourcesBuildPhase section */
		1AB143EA1E601E0500830F93 /* Resources */ = {
			isa = PBXResourcesBuildPhase;
			buildActionMask = 2147483647;
			files = (
				1AC3C2711EED368100B3151F /* Main.storyboard in Resources */,
				7F2923D52338ADB8008CE707 /* key.json in Resources */,
				1AB143FF1E601E0500830F93 /* LaunchScreen.storyboard in Resources */,
				1AB143FC1E601E0500830F93 /* Assets.xcassets in Resources */,
			);
			runOnlyForDeploymentPostprocessing = 0;
		};
		1AB144031E601E0500830F93 /* Resources */ = {
			isa = PBXResourcesBuildPhase;
			buildActionMask = 2147483647;
			files = (
				A7C6A89E254A6FCB002BF20E /* key.json in Resources */,
			);
			runOnlyForDeploymentPostprocessing = 0;
		};
/* End PBXResourcesBuildPhase section */

/* Begin PBXShellScriptBuildPhase section */
		1D59EE8D501B13C83D478AED /* [CP] Check Pods Manifest.lock */ = {
			isa = PBXShellScriptBuildPhase;
			buildActionMask = 2147483647;
			files = (
			);
			inputPaths = (
				"${PODS_PODFILE_DIR_PATH}/Podfile.lock",
				"${PODS_ROOT}/Manifest.lock",
			);
			name = "[CP] Check Pods Manifest.lock";
			outputPaths = (
				"$(DERIVED_FILE_DIR)/Pods-QCloudCOSXMLDemoTests-checkManifestLockResult.txt",
			);
			runOnlyForDeploymentPostprocessing = 0;
			shellPath = /bin/sh;
			shellScript = "diff \"${PODS_PODFILE_DIR_PATH}/Podfile.lock\" \"${PODS_ROOT}/Manifest.lock\" > /dev/null\nif [ $? != 0 ] ; then\n    # print error to STDERR\n    echo \"error: The sandbox is not in sync with the Podfile.lock. Run 'pod install' or update your CocoaPods installation.\" >&2\n    exit 1\nfi\n# This output is used by Xcode 'outputs' to avoid re-running this script phase.\necho \"SUCCESS\" > \"${SCRIPT_OUTPUT_FILE_0}\"\n";
			showEnvVarsInLog = 0;
		};
		5531753F06D2602A23691AE3 /* [CP] Copy Pods Resources */ = {
			isa = PBXShellScriptBuildPhase;
			buildActionMask = 2147483647;
			files = (
			);
			inputPaths = (
				"${PODS_ROOT}/Target Support Files/Pods-QCloudCOSXMLDemo/Pods-QCloudCOSXMLDemo-resources.sh",
				"${PODS_CONFIGURATION_BUILD_DIR}/QCloudCOSXML/QCloudCOSXML.bundle",
			);
			name = "[CP] Copy Pods Resources";
			outputPaths = (
				"${TARGET_BUILD_DIR}/${UNLOCALIZED_RESOURCES_FOLDER_PATH}/QCloudCOSXML.bundle",
			);
			runOnlyForDeploymentPostprocessing = 0;
			shellPath = /bin/sh;
			shellScript = "\"${PODS_ROOT}/Target Support Files/Pods-QCloudCOSXMLDemo/Pods-QCloudCOSXMLDemo-resources.sh\"\n";
			showEnvVarsInLog = 0;
		};
		86791D761081E42076358600 /* [CP] Embed Pods Frameworks */ = {
			isa = PBXShellScriptBuildPhase;
			buildActionMask = 2147483647;
			files = (
			);
			inputPaths = (
				"${PODS_ROOT}/Target Support Files/Pods-QCloudCOSXMLDemo/Pods-QCloudCOSXMLDemo-frameworks.sh",
				"${PODS_ROOT}/../QCloudQuic/Classes/QuicFramework/Tquic.framework",
			);
			name = "[CP] Embed Pods Frameworks";
			outputPaths = (
				"${TARGET_BUILD_DIR}/${FRAMEWORKS_FOLDER_PATH}/Tquic.framework",
			);
			runOnlyForDeploymentPostprocessing = 0;
			shellPath = /bin/sh;
			shellScript = "\"${PODS_ROOT}/Target Support Files/Pods-QCloudCOSXMLDemo/Pods-QCloudCOSXMLDemo-frameworks.sh\"\n";
			showEnvVarsInLog = 0;
		};
		9985684AE5A7F7B42D827A19 /* [CP] Check Pods Manifest.lock */ = {
			isa = PBXShellScriptBuildPhase;
			buildActionMask = 2147483647;
			files = (
			);
			inputPaths = (
				"${PODS_PODFILE_DIR_PATH}/Podfile.lock",
				"${PODS_ROOT}/Manifest.lock",
			);
			name = "[CP] Check Pods Manifest.lock";
			outputPaths = (
				"$(DERIVED_FILE_DIR)/Pods-QCloudCOSXMLDemo-checkManifestLockResult.txt",
			);
			runOnlyForDeploymentPostprocessing = 0;
			shellPath = /bin/sh;
			shellScript = "diff \"${PODS_PODFILE_DIR_PATH}/Podfile.lock\" \"${PODS_ROOT}/Manifest.lock\" > /dev/null\nif [ $? != 0 ] ; then\n    # print error to STDERR\n    echo \"error: The sandbox is not in sync with the Podfile.lock. Run 'pod install' or update your CocoaPods installation.\" >&2\n    exit 1\nfi\n# This output is used by Xcode 'outputs' to avoid re-running this script phase.\necho \"SUCCESS\" > \"${SCRIPT_OUTPUT_FILE_0}\"\n";
			showEnvVarsInLog = 0;
		};
/* End PBXShellScriptBuildPhase section */

/* Begin PBXSourcesBuildPhase section */
		1AB143E81E601E0500830F93 /* Sources */ = {
			isa = PBXSourcesBuildPhase;
			buildActionMask = 2147483647;
			files = (
				A89945D22091D21300FEFF28 /* QCloudTaskImformation.m in Sources */,
				7F2AFADD2689D05B006F2A46 /* QCloudTestUtility.m in Sources */,
				A89945CF2091CF6A00FEFF28 /* QCloudDownloadFinishViewController.m in Sources */,
				A801AD42201990DC004D1B9A /* QCloudTestTempVariables.m in Sources */,
				D22FB26C246E3FBF00C04C54 /* QCCouldMyBucketCell.m in Sources */,
				A89945C9209187E500FEFF28 /* QCloudCOSXMLConfiguration.m in Sources */,
				1AB143F71E601E0500830F93 /* ViewController.m in Sources */,
				D2B700912472379100F59994 /* QCloudDownLoadNewCtor.m in Sources */,
				D22FB265246E28CA00C04C54 /* QCloudCreateBucketCtor.m in Sources */,
				D22FB272246E8E2100C04C54 /* QCloudFileListCtor.m in Sources */,
				7F41127E2338A97100A3276E /* SecretStorage.m in Sources */,
				1AB143F41E601E0500830F93 /* AppDelegate.m in Sources */,
				A89945C62091847900FEFF28 /* QCloudSelectRegionTableViewController.m in Sources */,
				D2B7008E2472280400F59994 /* QCloudBucketContents+Addition.m in Sources */,
				D2B7008624721C9600F59994 /* BucketFileItemViewCell.m in Sources */,
				1AB143F11E601E0500830F93 /* main.m in Sources */,
				D22FB268246E303100C04C54 /* QCloudMyBucketListCtor.m in Sources */,
				1AFD73241EED1EF5002A1CD2 /* QCloudUploadViewController.m in Sources */,
				1AFD73271EED1EFF002A1CD2 /* QCloudDownloadViewController.m in Sources */,
				A89945CC2091AEC200FEFF28 /* NSURL+FileExtension.m in Sources */,
				A89945C32091842B00FEFF28 /* QCloudTabBarViewController.m in Sources */,
				A801AD41201990DC004D1B9A /* NSString+UINCategory.m in Sources */,
				A808A89A1F25CD7600116AAC /* DownloadTableViewCell.m in Sources */,
				D2B7008A247220C800F59994 /* UIViewController+Loading.m in Sources */,
				D2B700972472722200F59994 /* QCloudUploadNewCtor.m in Sources */,
			);
			runOnlyForDeploymentPostprocessing = 0;
		};
		1AB144011E601E0500830F93 /* Sources */ = {
			isa = PBXSourcesBuildPhase;
			buildActionMask = 2147483647;
			files = (
				A7CB0119246D5AB700D4DB53 /* QCloudCOSQuicTransferTest.m in Sources */,
				D2221E16248E605100AC5A4A /* QCloudCOSXMLImageHelperTests.m in Sources */,
				1A1C1DB31ED4324400EF74AB /* QCloudCOSTransferTests.m in Sources */,
				A84AB4FB201AC62100A47F14 /* QCloudCOSXMLTestUtility.m in Sources */,
				1AB3815E1EE8FFCA00F6E302 /* QCloudCOSXMLBucketTests.m in Sources */,
				D2A14B1925948B14009F41EE /* QCloudCOSXMLModelCoverage.m in Sources */,
				1AB1440A1E601E0500830F93 /* QCloudCOSXMLDemoTests.m in Sources */,
				7F26A8E7213557200078097B /* QCloudCOSCSPTest.m in Sources */,
				7F43AE97213932EA0025DD1B /* QCloudCSPCOSXMLTestUtility.m in Sources */,
				7F069E0A21DDF7BD005F1AFA /* QCloudSTSPolicyTests.m in Sources */,
				A8674C411F4ACF20005E14DD /* QCloudCOSXMLExceptionCoverage.m in Sources */,
			);
			runOnlyForDeploymentPostprocessing = 0;
		};
/* End PBXSourcesBuildPhase section */

/* Begin PBXTargetDependency section */
		1AB144071E601E0500830F93 /* PBXTargetDependency */ = {
			isa = PBXTargetDependency;
			target = 1AB143EB1E601E0500830F93 /* QCloudCOSXMLDemo */;
			targetProxy = 1AB144061E601E0500830F93 /* PBXContainerItemProxy */;
		};
/* End PBXTargetDependency section */

/* Begin PBXVariantGroup section */
		1AB143FD1E601E0500830F93 /* LaunchScreen.storyboard */ = {
			isa = PBXVariantGroup;
			children = (
				1AB143FE1E601E0500830F93 /* Base */,
			);
			name = LaunchScreen.storyboard;
			sourceTree = "<group>";
		};
/* End PBXVariantGroup section */

/* Begin XCBuildConfiguration section */
		1AB144171E601E0500830F93 /* Debug */ = {
			isa = XCBuildConfiguration;
			buildSettings = {
				ALWAYS_SEARCH_USER_PATHS = NO;
				CLANG_ANALYZER_NONNULL = YES;
				CLANG_CXX_LANGUAGE_STANDARD = "gnu++0x";
				CLANG_CXX_LIBRARY = "libc++";
				CLANG_ENABLE_MODULES = YES;
				CLANG_ENABLE_OBJC_ARC = YES;
				CLANG_WARN_BOOL_CONVERSION = YES;
				CLANG_WARN_CONSTANT_CONVERSION = YES;
				CLANG_WARN_DIRECT_OBJC_ISA_USAGE = YES_ERROR;
				CLANG_WARN_DOCUMENTATION_COMMENTS = YES;
				CLANG_WARN_EMPTY_BODY = YES;
				CLANG_WARN_ENUM_CONVERSION = YES;
				CLANG_WARN_INFINITE_RECURSION = YES;
				CLANG_WARN_INT_CONVERSION = YES;
				CLANG_WARN_OBJC_ROOT_CLASS = YES_ERROR;
				CLANG_WARN_SUSPICIOUS_MOVE = YES;
				CLANG_WARN_UNREACHABLE_CODE = YES;
				CLANG_WARN__DUPLICATE_METHOD_MATCH = YES;
				"CODE_SIGN_IDENTITY[sdk=iphoneos*]" = "iPhone Developer";
				COPY_PHASE_STRIP = NO;
				DEBUG_INFORMATION_FORMAT = dwarf;
				ENABLE_STRICT_OBJC_MSGSEND = YES;
				ENABLE_TESTABILITY = YES;
				GCC_C_LANGUAGE_STANDARD = gnu99;
				GCC_DYNAMIC_NO_PIC = NO;
				GCC_NO_COMMON_BLOCKS = YES;
				GCC_OPTIMIZATION_LEVEL = 0;
				GCC_PREPROCESSOR_DEFINITIONS = (
					"DEBUG=1",
					"$(inherited)",
				);
				GCC_WARN_64_TO_32_BIT_CONVERSION = YES;
				GCC_WARN_ABOUT_RETURN_TYPE = YES_ERROR;
				GCC_WARN_UNDECLARED_SELECTOR = YES;
				GCC_WARN_UNINITIALIZED_AUTOS = YES_AGGRESSIVE;
				GCC_WARN_UNUSED_FUNCTION = YES;
				GCC_WARN_UNUSED_VARIABLE = YES;
				IPHONEOS_DEPLOYMENT_TARGET = 10.2;
				MTL_ENABLE_DEBUG_INFO = YES;
				ONLY_ACTIVE_ARCH = YES;
				SDKROOT = iphoneos;
				TARGETED_DEVICE_FAMILY = "1,2";
			};
			name = Debug;
		};
		1AB144181E601E0500830F93 /* Release */ = {
			isa = XCBuildConfiguration;
			buildSettings = {
				ALWAYS_SEARCH_USER_PATHS = NO;
				CLANG_ANALYZER_NONNULL = YES;
				CLANG_CXX_LANGUAGE_STANDARD = "gnu++0x";
				CLANG_CXX_LIBRARY = "libc++";
				CLANG_ENABLE_MODULES = YES;
				CLANG_ENABLE_OBJC_ARC = YES;
				CLANG_WARN_BOOL_CONVERSION = YES;
				CLANG_WARN_CONSTANT_CONVERSION = YES;
				CLANG_WARN_DIRECT_OBJC_ISA_USAGE = YES_ERROR;
				CLANG_WARN_DOCUMENTATION_COMMENTS = YES;
				CLANG_WARN_EMPTY_BODY = YES;
				CLANG_WARN_ENUM_CONVERSION = YES;
				CLANG_WARN_INFINITE_RECURSION = YES;
				CLANG_WARN_INT_CONVERSION = YES;
				CLANG_WARN_OBJC_ROOT_CLASS = YES_ERROR;
				CLANG_WARN_SUSPICIOUS_MOVE = YES;
				CLANG_WARN_UNREACHABLE_CODE = YES;
				CLANG_WARN__DUPLICATE_METHOD_MATCH = YES;
				"CODE_SIGN_IDENTITY[sdk=iphoneos*]" = "iPhone Developer";
				COPY_PHASE_STRIP = NO;
				DEBUG_INFORMATION_FORMAT = "dwarf-with-dsym";
				ENABLE_NS_ASSERTIONS = NO;
				ENABLE_STRICT_OBJC_MSGSEND = YES;
				GCC_C_LANGUAGE_STANDARD = gnu99;
				GCC_NO_COMMON_BLOCKS = YES;
				GCC_WARN_64_TO_32_BIT_CONVERSION = YES;
				GCC_WARN_ABOUT_RETURN_TYPE = YES_ERROR;
				GCC_WARN_UNDECLARED_SELECTOR = YES;
				GCC_WARN_UNINITIALIZED_AUTOS = YES_AGGRESSIVE;
				GCC_WARN_UNUSED_FUNCTION = YES;
				GCC_WARN_UNUSED_VARIABLE = YES;
				IPHONEOS_DEPLOYMENT_TARGET = 10.2;
				MTL_ENABLE_DEBUG_INFO = NO;
				SDKROOT = iphoneos;
				TARGETED_DEVICE_FAMILY = "1,2";
				VALIDATE_PRODUCT = YES;
			};
			name = Release;
		};
		1AB1441A1E601E0500830F93 /* Debug */ = {
			isa = XCBuildConfiguration;
			baseConfigurationReference = C4A3043A5CCC66AEB50EA9AE /* Pods-QCloudCOSXMLDemo.debug.xcconfig */;
			buildSettings = {
				ASSETCATALOG_COMPILER_APPICON_NAME = AppIcon;
				CODE_SIGN_IDENTITY = "Apple Development";
				CODE_SIGN_STYLE = Automatic;
				DEVELOPMENT_TEAM = 6RL39LH4U4;
				ENABLE_BITCODE = NO;
				GCC_PRECOMPILE_PREFIX_HEADER = YES;
				GCC_PREFIX_HEADER = "$(SRCROOT)/QCloudCOSXMLDemo/PrefixHeader.pch";
				INFOPLIST_FILE = QCloudCOSXMLDemo/Info.plist;
				IPHONEOS_DEPLOYMENT_TARGET = 9.0;
				LD_RUNPATH_SEARCH_PATHS = (
					"$(inherited)",
					"@executable_path/Frameworks",
				);
				OTHER_LDFLAGS = (
					"$(inherited)",
					"-ObjC",
				);
				PRODUCT_BUNDLE_IDENTIFIER = com.tencent.qcloud.QCloudCOSXMLDemo;
				PRODUCT_NAME = "$(TARGET_NAME)";
				PROVISIONING_PROFILE = "";
				PROVISIONING_PROFILE_SPECIFIER = "";
			};
			name = Debug;
		};
		1AB1441B1E601E0500830F93 /* Release */ = {
			isa = XCBuildConfiguration;
			baseConfigurationReference = F3E9F7DE3343D4DD2A0004E1 /* Pods-QCloudCOSXMLDemo.release.xcconfig */;
			buildSettings = {
				ASSETCATALOG_COMPILER_APPICON_NAME = AppIcon;
				CODE_SIGN_IDENTITY = "Apple Development";
				CODE_SIGN_STYLE = Automatic;
				DEVELOPMENT_TEAM = 6RL39LH4U4;
				ENABLE_BITCODE = NO;
				GCC_PRECOMPILE_PREFIX_HEADER = YES;
				GCC_PREFIX_HEADER = "$(SRCROOT)/QCloudCOSXMLDemo/PrefixHeader.pch";
				INFOPLIST_FILE = QCloudCOSXMLDemo/Info.plist;
				IPHONEOS_DEPLOYMENT_TARGET = 9.0;
				LD_RUNPATH_SEARCH_PATHS = (
					"$(inherited)",
					"@executable_path/Frameworks",
				);
				OTHER_LDFLAGS = (
					"$(inherited)",
					"-ObjC",
				);
				PRODUCT_BUNDLE_IDENTIFIER = com.tencent.qcloud.QCloudCOSXMLDemo;
				PRODUCT_NAME = "$(TARGET_NAME)";
				PROVISIONING_PROFILE = "";
				PROVISIONING_PROFILE_SPECIFIER = "";
			};
			name = Release;
		};
		1AB1441D1E601E0500830F93 /* Debug */ = {
			isa = XCBuildConfiguration;
			baseConfigurationReference = F2FFB526C25234819DB6C822 /* Pods-QCloudCOSXMLDemoTests.debug.xcconfig */;
			buildSettings = {
				BUNDLE_LOADER = "$(TEST_HOST)";
				DEVELOPMENT_TEAM = TD5DJDNRQ4;
				INFOPLIST_FILE = QCloudCOSXMLDemoTests/Info.plist;
				IPHONEOS_DEPLOYMENT_TARGET = 8.0;
				LD_RUNPATH_SEARCH_PATHS = (
					"$(inherited)",
					"@executable_path/Frameworks",
					"@loader_path/Frameworks",
				);
				PRODUCT_BUNDLE_IDENTIFIER = com.tencent.qcloud.QCloudCOSXMLDemoTests;
				PRODUCT_NAME = "$(TARGET_NAME)";
				TEST_HOST = "$(BUILT_PRODUCTS_DIR)/QCloudCOSXMLDemo.app/QCloudCOSXMLDemo";
			};
			name = Debug;
		};
		1AB1441E1E601E0500830F93 /* Release */ = {
			isa = XCBuildConfiguration;
			baseConfigurationReference = 4D40D10FFB554B7B26399262 /* Pods-QCloudCOSXMLDemoTests.release.xcconfig */;
			buildSettings = {
				BUNDLE_LOADER = "$(TEST_HOST)";
				DEVELOPMENT_TEAM = TD5DJDNRQ4;
				INFOPLIST_FILE = QCloudCOSXMLDemoTests/Info.plist;
				IPHONEOS_DEPLOYMENT_TARGET = 8.0;
				LD_RUNPATH_SEARCH_PATHS = (
					"$(inherited)",
					"@executable_path/Frameworks",
					"@loader_path/Frameworks",
				);
				PRODUCT_BUNDLE_IDENTIFIER = com.tencent.qcloud.QCloudCOSXMLDemoTests;
				PRODUCT_NAME = "$(TARGET_NAME)";
				TEST_HOST = "$(BUILT_PRODUCTS_DIR)/QCloudCOSXMLDemo.app/QCloudCOSXMLDemo";
			};
			name = Release;
		};
/* End XCBuildConfiguration section */

/* Begin XCConfigurationList section */
		1AB143E71E601E0500830F93 /* Build configuration list for PBXProject "QCloudCOSXMLDemo" */ = {
			isa = XCConfigurationList;
			buildConfigurations = (
				1AB144171E601E0500830F93 /* Debug */,
				1AB144181E601E0500830F93 /* Release */,
			);
			defaultConfigurationIsVisible = 0;
			defaultConfigurationName = Release;
		};
		1AB144191E601E0500830F93 /* Build configuration list for PBXNativeTarget "QCloudCOSXMLDemo" */ = {
			isa = XCConfigurationList;
			buildConfigurations = (
				1AB1441A1E601E0500830F93 /* Debug */,
				1AB1441B1E601E0500830F93 /* Release */,
			);
			defaultConfigurationIsVisible = 0;
			defaultConfigurationName = Release;
		};
		1AB1441C1E601E0500830F93 /* Build configuration list for PBXNativeTarget "QCloudCOSXMLDemoTests" */ = {
			isa = XCConfigurationList;
			buildConfigurations = (
				1AB1441D1E601E0500830F93 /* Debug */,
				1AB1441E1E601E0500830F93 /* Release */,
			);
			defaultConfigurationIsVisible = 0;
			defaultConfigurationName = Release;
		};
/* End XCConfigurationList section */
	};
	rootObject = 1AB143E41E601E0500830F93 /* Project object */;
}
